
Microsoft Visual Studio Solution File, Format Version 12.00
# Visual Studio Version 17
VisualStudioVersion = 17.0.32112.339
MinimumVisualStudioVersion = 10.0.40219.1
Project("{FAE04EC0-301F-11D3-BF4B-00C04F79EFBC}") = "Day2", "Day2\Day2.csproj", "{7813E726-6360-466C-8BBC-0C255D7CD9DC}"
EndProject
Global
	GlobalSection(SolutionConfigurationPlatforms) = preSolution
		Debug|Any CPU = Debug|Any CPU
		Release|Any CPU = Release|Any CPU
	EndGlobalSection
	GlobalSection(ProjectConfigurationPlatforms) = postSolution
		{7813E726-6360-466C-8BBC-0C255D7CD9DC}.Debug|Any CPU.ActiveCfg = Debug|Any CPU
		{7813E726-6360-466C-8BBC-0C255D7CD9DC}.Debug|Any CPU.Build.0 = Debug|Any CPU
		{7813E726-6360-466C-8BBC-0C255D7CD9DC}.Release|Any CPU.ActiveCfg = Release|Any CPU
		{7813E726-6360-466C-8BBC-0C255D7CD9DC}.Release|Any CPU.Build.0 = Release|Any CPU
	EndGlobalSection
	GlobalSection(SolutionProperties) = preSolution
		HideSolutionNode = FALSE
	EndGlobalSection
	GlobalSection(ExtensibilityGlobals) = postSolution
		SolutionGuid = {E86F6071-B984-4BB2-AA90-C601282D5963}
	EndGlobalSection
EndGlobal
